// !$*UTF8*$!
{
	archiveVersion = 1;
	classes = {
	};
	objectVersion = 46;
	objects = {

/* Begin PBXBuildFile section */
		7B00841517D08EF700E0F90A /* UIKit.framework in Frameworks */ = {isa = PBXBuildFile; fileRef = 7B00841417D08EF700E0F90A /* UIKit.framework */; };
		7B00841717D08EF700E0F90A /* Foundation.framework in Frameworks */ = {isa = PBXBuildFile; fileRef = 7B00841617D08EF700E0F90A /* Foundation.framework */; };
		7B00841917D08EF700E0F90A /* CoreGraphics.framework in Frameworks */ = {isa = PBXBuildFile; fileRef = 7B00841817D08EF700E0F90A /* CoreGraphics.framework */; };
		7B00841F17D08EF700E0F90A /* InfoPlist.strings in Resources */ = {isa = PBXBuildFile; fileRef = 7B00841D17D08EF700E0F90A /* InfoPlist.strings */; };
		7B00842117D08EF700E0F90A /* main.m in Sources */ = {isa = PBXBuildFile; fileRef = 7B00842017D08EF700E0F90A /* main.m */; };
		7B00842517D08EF700E0F90A /* ZZLAppDelegate.m in Sources */ = {isa = PBXBuildFile; fileRef = 7B00842417D08EF700E0F90A /* ZZLAppDelegate.m */; };
		7B00842717D08EF700E0F90A /* Default.png in Resources */ = {isa = PBXBuildFile; fileRef = 7B00842617D08EF700E0F90A /* Default.png */; };
		7B00842917D08EF700E0F90A /* Default@2x.png in Resources */ = {isa = PBXBuildFile; fileRef = 7B00842817D08EF700E0F90A /* Default@2x.png */; };
		7B00842B17D08EF700E0F90A /* Default-568h@2x.png in Resources */ = {isa = PBXBuildFile; fileRef = 7B00842A17D08EF700E0F90A /* Default-568h@2x.png */; };
		7B00843317D08EF700E0F90A /* SenTestingKit.framework in Frameworks */ = {isa = PBXBuildFile; fileRef = 7B00843217D08EF700E0F90A /* SenTestingKit.framework */; };
		7B00843417D08EF700E0F90A /* UIKit.framework in Frameworks */ = {isa = PBXBuildFile; fileRef = 7B00841417D08EF700E0F90A /* UIKit.framework */; };
		7B00843517D08EF700E0F90A /* Foundation.framework in Frameworks */ = {isa = PBXBuildFile; fileRef = 7B00841617D08EF700E0F90A /* Foundation.framework */; };
		7B00843D17D08EF800E0F90A /* InfoPlist.strings in Resources */ = {isa = PBXBuildFile; fileRef = 7B00843B17D08EF800E0F90A /* InfoPlist.strings */; };
		7B00844017D08EF800E0F90A /* MyEngineProjectTests.m in Sources */ = {isa = PBXBuildFile; fileRef = 7B00843F17D08EF800E0F90A /* MyEngineProjectTests.m */; };
		7B00845217D0908200E0F90A /* ZZLBaseJsonObject.m in Sources */ = {isa = PBXBuildFile; fileRef = 7B00845117D0908200E0F90A /* ZZLBaseJsonObject.m */; };
		7B0A836B184BA1AD00D42826 /* ZZLDemoViewController.m in Sources */ = {isa = PBXBuildFile; fileRef = 7B0A8369184BA1AD00D42826 /* ZZLDemoViewController.m */; };
		7B0A836C184BA1AD00D42826 /* ZZLDemoViewController.xib in Resources */ = {isa = PBXBuildFile; fileRef = 7B0A836A184BA1AD00D42826 /* ZZLDemoViewController.xib */; };
		7B0A836E184BA99200D42826 /* QuartzCore.framework in Frameworks */ = {isa = PBXBuildFile; fileRef = 7B0A836D184BA99200D42826 /* QuartzCore.framework */; };
		7B911C3F17D9BDDE00523DEF /* NSDictionary+NSDictionary2Object.m in Sources */ = {isa = PBXBuildFile; fileRef = 7B911C3E17D9BDDE00523DEF /* NSDictionary+NSDictionary2Object.m */; };
		7B911C4717D9BF3700523DEF /* ZZLCacheManager.m in Sources */ = {isa = PBXBuildFile; fileRef = 7B911C4617D9BF3700523DEF /* ZZLCacheManager.m */; };
		7BAEFB1B184B99DB0015C011 /* titleList.plist in Resources */ = {isa = PBXBuildFile; fileRef = 7BAEFB1A184B99DB0015C011 /* titleList.plist */; };
		7BAEFB26184BA0FF0015C011 /* ZZLBaseTableViewController.m in Sources */ = {isa = PBXBuildFile; fileRef = 7BAEFB25184BA0FF0015C011 /* ZZLBaseTableViewController.m */; };
		7BCAD78317D19A5B004AD0F3 /* NSAlert+MKNetworkKitAdditions.m in Sources */ = {isa = PBXBuildFile; fileRef = 7BCAD77017D19A5A004AD0F3 /* NSAlert+MKNetworkKitAdditions.m */; };
		7BCAD78417D19A5B004AD0F3 /* NSData+Base64.m in Sources */ = {isa = PBXBuildFile; fileRef = 7BCAD77217D19A5A004AD0F3 /* NSData+Base64.m */; };
		7BCAD78517D19A5B004AD0F3 /* NSDate+RFC1123.m in Sources */ = {isa = PBXBuildFile; fileRef = 7BCAD77417D19A5B004AD0F3 /* NSDate+RFC1123.m */; };
		7BCAD78617D19A5B004AD0F3 /* NSDictionary+RequestEncoding.m in Sources */ = {isa = PBXBuildFile; fileRef = 7BCAD77617D19A5B004AD0F3 /* NSDictionary+RequestEncoding.m */; };
		7BCAD78717D19A5B004AD0F3 /* NSString+MKNetworkKitAdditions.m in Sources */ = {isa = PBXBuildFile; fileRef = 7BCAD77817D19A5B004AD0F3 /* NSString+MKNetworkKitAdditions.m */; };
		7BCAD78817D19A5B004AD0F3 /* UIAlertView+MKNetworkKitAdditions.m in Sources */ = {isa = PBXBuildFile; fileRef = 7BCAD77A17D19A5B004AD0F3 /* UIAlertView+MKNetworkKitAdditions.m */; };
		7BCAD78917D19A5B004AD0F3 /* MKNetworkEngine.m in Sources */ = {isa = PBXBuildFile; fileRef = 7BCAD77C17D19A5B004AD0F3 /* MKNetworkEngine.m */; };
		7BCAD78A17D19A5B004AD0F3 /* MKNetworkOperation.m in Sources */ = {isa = PBXBuildFile; fileRef = 7BCAD77F17D19A5B004AD0F3 /* MKNetworkOperation.m */; };
		7BCAD78B17D19A5B004AD0F3 /* Reachability.m in Sources */ = {isa = PBXBuildFile; fileRef = 7BCAD78217D19A5B004AD0F3 /* Reachability.m */; };
		7BCAD78D17D19A70004AD0F3 /* CFNetwork.framework in Frameworks */ = {isa = PBXBuildFile; fileRef = 7BCAD78C17D19A70004AD0F3 /* CFNetwork.framework */; };
		7BCAD78F17D19A76004AD0F3 /* SystemConfiguration.framework in Frameworks */ = {isa = PBXBuildFile; fileRef = 7BCAD78E17D19A76004AD0F3 /* SystemConfiguration.framework */; };
		7BCAD79117D19A7C004AD0F3 /* Security.framework in Frameworks */ = {isa = PBXBuildFile; fileRef = 7BCAD79017D19A7C004AD0F3 /* Security.framework */; };
		7BCAD79517D21F45004AD0F3 /* ZZLHttpManager.m in Sources */ = {isa = PBXBuildFile; fileRef = 7BCAD79417D21F45004AD0F3 /* ZZLHttpManager.m */; };
		7BCAD79E17D25636004AD0F3 /* ZZLRequestOperation.m in Sources */ = {isa = PBXBuildFile; fileRef = 7BCAD79D17D25636004AD0F3 /* ZZLRequestOperation.m */; };
		7BCAD7A117D2603A004AD0F3 /* ZZLModalObjectFactory.m in Sources */ = {isa = PBXBuildFile; fileRef = 7BCAD7A017D2603A004AD0F3 /* ZZLModalObjectFactory.m */; };
		7BCAD7A417D261BC004AD0F3 /* MovieList.m in Sources */ = {isa = PBXBuildFile; fileRef = 7BCAD7A317D261BC004AD0F3 /* MovieList.m */; };
		7BCAD7A717D26B77004AD0F3 /* ZZLHttpRequstEngine.m in Sources */ = {isa = PBXBuildFile; fileRef = 7BCAD7A617D26B77004AD0F3 /* ZZLHttpRequstEngine.m */; };
		7BFEFE24184CDEB00033137B /* EGORefreshTableHeaderView.m in Sources */ = {isa = PBXBuildFile; fileRef = 7BFEFE14184CDEB00033137B /* EGORefreshTableHeaderView.m */; settings = {COMPILER_FLAGS = "-fno-objc-arc"; }; };
		7BFEFE25184CDEB00033137B /* LoadMoreTableFooterView.m in Sources */ = {isa = PBXBuildFile; fileRef = 7BFEFE16184CDEB00033137B /* LoadMoreTableFooterView.m */; settings = {COMPILER_FLAGS = "-fno-objc-arc"; }; };
		7BFEFE26184CDEB00033137B /* MessageInterceptor.m in Sources */ = {isa = PBXBuildFile; fileRef = 7BFEFE18184CDEB00033137B /* MessageInterceptor.m */; settings = {COMPILER_FLAGS = "-fno-objc-arc"; }; };
		7BFEFE27184CDEB00033137B /* PullTableView.m in Sources */ = {isa = PBXBuildFile; fileRef = 7BFEFE1A184CDEB00033137B /* PullTableView.m */; settings = {COMPILER_FLAGS = "-fno-objc-arc"; }; };
		7BFEFE28184CDEB00033137B /* blackArrow.png in Resources */ = {isa = PBXBuildFile; fileRef = 7BFEFE1C184CDEB00033137B /* blackArrow.png */; };
		7BFEFE29184CDEB00033137B /* blackArrow@2x.png in Resources */ = {isa = PBXBuildFile; fileRef = 7BFEFE1D184CDEB00033137B /* blackArrow@2x.png */; };
		7BFEFE2A184CDEB00033137B /* blueArrow.png in Resources */ = {isa = PBXBuildFile; fileRef = 7BFEFE1E184CDEB00033137B /* blueArrow.png */; };
		7BFEFE2B184CDEB00033137B /* blueArrow@2x.png in Resources */ = {isa = PBXBuildFile; fileRef = 7BFEFE1F184CDEB00033137B /* blueArrow@2x.png */; };
		7BFEFE2C184CDEB00033137B /* grayArrow.png in Resources */ = {isa = PBXBuildFile; fileRef = 7BFEFE20184CDEB00033137B /* grayArrow.png */; };
		7BFEFE2D184CDEB00033137B /* grayArrow@2x.png in Resources */ = {isa = PBXBuildFile; fileRef = 7BFEFE21184CDEB00033137B /* grayArrow@2x.png */; };
		7BFEFE2E184CDEB00033137B /* whiteArrow.png in Resources */ = {isa = PBXBuildFile; fileRef = 7BFEFE22184CDEB00033137B /* whiteArrow.png */; };
		7BFEFE2F184CDEB00033137B /* whiteArrow@2x.png in Resources */ = {isa = PBXBuildFile; fileRef = 7BFEFE23184CDEB00033137B /* whiteArrow@2x.png */; };
/* End PBXBuildFile section */

/* Begin PBXContainerItemProxy section */
		7B00843617D08EF700E0F90A /* PBXContainerItemProxy */ = {
			isa = PBXContainerItemProxy;
			containerPortal = 7B00840917D08EF700E0F90A /* Project object */;
			proxyType = 1;
			remoteGlobalIDString = 7B00841017D08EF700E0F90A;
			remoteInfo = MyEngineProject;
		};
/* End PBXContainerItemProxy section */

/* Begin PBXFileReference section */
		7B00841117D08EF700E0F90A /* MyEngineProject.app */ = {isa = PBXFileReference; explicitFileType = wrapper.application; includeInIndex = 0; path = MyEngineProject.app; sourceTree = BUILT_PRODUCTS_DIR; };
		7B00841417D08EF700E0F90A /* UIKit.framework */ = {isa = PBXFileReference; lastKnownFileType = wrapper.framework; name = UIKit.framework; path = System/Library/Frameworks/UIKit.framework; sourceTree = SDKROOT; };
		7B00841617D08EF700E0F90A /* Foundation.framework */ = {isa = PBXFileReference; lastKnownFileType = wrapper.framework; name = Foundation.framework; path = System/Library/Frameworks/Foundation.framework; sourceTree = SDKROOT; };
		7B00841817D08EF700E0F90A /* CoreGraphics.framework */ = {isa = PBXFileReference; lastKnownFileType = wrapper.framework; name = CoreGraphics.framework; path = System/Library/Frameworks/CoreGraphics.framework; sourceTree = SDKROOT; };
		7B00841C17D08EF700E0F90A /* MyEngineProject-Info.plist */ = {isa = PBXFileReference; lastKnownFileType = text.plist.xml; path = "MyEngineProject-Info.plist"; sourceTree = "<group>"; };
		7B00841E17D08EF700E0F90A /* en */ = {isa = PBXFileReference; lastKnownFileType = text.plist.strings; name = en; path = en.lproj/InfoPlist.strings; sourceTree = "<group>"; };
		7B00842017D08EF700E0F90A /* main.m */ = {isa = PBXFileReference; lastKnownFileType = sourcecode.c.objc; path = main.m; sourceTree = "<group>"; };
		7B00842217D08EF700E0F90A /* MyEngineProject-Prefix.pch */ = {isa = PBXFileReference; lastKnownFileType = sourcecode.c.h; path = "MyEngineProject-Prefix.pch"; sourceTree = "<group>"; };
		7B00842317D08EF700E0F90A /* ZZLAppDelegate.h */ = {isa = PBXFileReference; lastKnownFileType = sourcecode.c.h; path = ZZLAppDelegate.h; sourceTree = "<group>"; };
		7B00842417D08EF700E0F90A /* ZZLAppDelegate.m */ = {isa = PBXFileReference; lastKnownFileType = sourcecode.c.objc; path = ZZLAppDelegate.m; sourceTree = "<group>"; };
		7B00842617D08EF700E0F90A /* Default.png */ = {isa = PBXFileReference; lastKnownFileType = image.png; path = Default.png; sourceTree = "<group>"; };
		7B00842817D08EF700E0F90A /* Default@2x.png */ = {isa = PBXFileReference; lastKnownFileType = image.png; path = "Default@2x.png"; sourceTree = "<group>"; };
		7B00842A17D08EF700E0F90A /* Default-568h@2x.png */ = {isa = PBXFileReference; lastKnownFileType = image.png; path = "Default-568h@2x.png"; sourceTree = "<group>"; };
		7B00843117D08EF700E0F90A /* MyEngineProjectTests.octest */ = {isa = PBXFileReference; explicitFileType = wrapper.cfbundle; includeInIndex = 0; path = MyEngineProjectTests.octest; sourceTree = BUILT_PRODUCTS_DIR; };
		7B00843217D08EF700E0F90A /* SenTestingKit.framework */ = {isa = PBXFileReference; lastKnownFileType = wrapper.framework; name = SenTestingKit.framework; path = Library/Frameworks/SenTestingKit.framework; sourceTree = DEVELOPER_DIR; };
		7B00843A17D08EF800E0F90A /* MyEngineProjectTests-Info.plist */ = {isa = PBXFileReference; lastKnownFileType = text.plist.xml; path = "MyEngineProjectTests-Info.plist"; sourceTree = "<group>"; };
		7B00843C17D08EF800E0F90A /* en */ = {isa = PBXFileReference; lastKnownFileType = text.plist.strings; name = en; path = en.lproj/InfoPlist.strings; sourceTree = "<group>"; };
		7B00843E17D08EF800E0F90A /* MyEngineProjectTests.h */ = {isa = PBXFileReference; lastKnownFileType = sourcecode.c.h; path = MyEngineProjectTests.h; sourceTree = "<group>"; };
		7B00843F17D08EF800E0F90A /* MyEngineProjectTests.m */ = {isa = PBXFileReference; lastKnownFileType = sourcecode.c.objc; path = MyEngineProjectTests.m; sourceTree = "<group>"; };
		7B00845017D0908200E0F90A /* ZZLBaseJsonObject.h */ = {isa = PBXFileReference; fileEncoding = 4; lastKnownFileType = sourcecode.c.h; path = ZZLBaseJsonObject.h; sourceTree = "<group>"; };
		7B00845117D0908200E0F90A /* ZZLBaseJsonObject.m */ = {isa = PBXFileReference; fileEncoding = 4; lastKnownFileType = sourcecode.c.objc; path = ZZLBaseJsonObject.m; sourceTree = "<group>"; };
		7B0A8368184BA1AD00D42826 /* ZZLDemoViewController.h */ = {isa = PBXFileReference; fileEncoding = 4; lastKnownFileType = sourcecode.c.h; path = ZZLDemoViewController.h; sourceTree = "<group>"; };
		7B0A8369184BA1AD00D42826 /* ZZLDemoViewController.m */ = {isa = PBXFileReference; fileEncoding = 4; lastKnownFileType = sourcecode.c.objc; path = ZZLDemoViewController.m; sourceTree = "<group>"; };
		7B0A836A184BA1AD00D42826 /* ZZLDemoViewController.xib */ = {isa = PBXFileReference; fileEncoding = 4; lastKnownFileType = file.xib; path = ZZLDemoViewController.xib; sourceTree = "<group>"; };
		7B0A836D184BA99200D42826 /* QuartzCore.framework */ = {isa = PBXFileReference; lastKnownFileType = wrapper.framework; name = QuartzCore.framework; path = System/Library/Frameworks/QuartzCore.framework; sourceTree = SDKROOT; };
		7B911C3D17D9BDDE00523DEF /* NSDictionary+NSDictionary2Object.h */ = {isa = PBXFileReference; fileEncoding = 4; lastKnownFileType = sourcecode.c.h; path = "NSDictionary+NSDictionary2Object.h"; sourceTree = "<group>"; };
		7B911C3E17D9BDDE00523DEF /* NSDictionary+NSDictionary2Object.m */ = {isa = PBXFileReference; fileEncoding = 4; lastKnownFileType = sourcecode.c.objc; path = "NSDictionary+NSDictionary2Object.m"; sourceTree = "<group>"; };
		7B911C4517D9BF3700523DEF /* ZZLCacheManager.h */ = {isa = PBXFileReference; fileEncoding = 4; lastKnownFileType = sourcecode.c.h; path = ZZLCacheManager.h; sourceTree = "<group>"; };
		7B911C4617D9BF3700523DEF /* ZZLCacheManager.m */ = {isa = PBXFileReference; fileEncoding = 4; lastKnownFileType = sourcecode.c.objc; path = ZZLCacheManager.m; sourceTree = "<group>"; };
		7BAEFB1A184B99DB0015C011 /* titleList.plist */ = {isa = PBXFileReference; fileEncoding = 4; lastKnownFileType = text.plist.xml; path = titleList.plist; sourceTree = "<group>"; };
		7BAEFB24184BA0FF0015C011 /* ZZLBaseTableViewController.h */ = {isa = PBXFileReference; fileEncoding = 4; lastKnownFileType = sourcecode.c.h; path = ZZLBaseTableViewController.h; sourceTree = "<group>"; };
		7BAEFB25184BA0FF0015C011 /* ZZLBaseTableViewController.m */ = {isa = PBXFileReference; fileEncoding = 4; lastKnownFileType = sourcecode.c.objc; path = ZZLBaseTableViewController.m; sourceTree = "<group>"; };
		7BCAD76F17D19A5A004AD0F3 /* NSAlert+MKNetworkKitAdditions.h */ = {isa = PBXFileReference; fileEncoding = 4; lastKnownFileType = sourcecode.c.h; path = "NSAlert+MKNetworkKitAdditions.h"; sourceTree = "<group>"; };
		7BCAD77017D19A5A004AD0F3 /* NSAlert+MKNetworkKitAdditions.m */ = {isa = PBXFileReference; fileEncoding = 4; lastKnownFileType = sourcecode.c.objc; path = "NSAlert+MKNetworkKitAdditions.m"; sourceTree = "<group>"; };
		7BCAD77117D19A5A004AD0F3 /* NSData+Base64.h */ = {isa = PBXFileReference; fileEncoding = 4; lastKnownFileType = sourcecode.c.h; path = "NSData+Base64.h"; sourceTree = "<group>"; };
		7BCAD77217D19A5A004AD0F3 /* NSData+Base64.m */ = {isa = PBXFileReference; fileEncoding = 4; lastKnownFileType = sourcecode.c.objc; path = "NSData+Base64.m"; sourceTree = "<group>"; };
		7BCAD77317D19A5A004AD0F3 /* NSDate+RFC1123.h */ = {isa = PBXFileReference; fileEncoding = 4; lastKnownFileType = sourcecode.c.h; path = "NSDate+RFC1123.h"; sourceTree = "<group>"; };
		7BCAD77417D19A5B004AD0F3 /* NSDate+RFC1123.m */ = {isa = PBXFileReference; fileEncoding = 4; lastKnownFileType = sourcecode.c.objc; path = "NSDate+RFC1123.m"; sourceTree = "<group>"; };
		7BCAD77517D19A5B004AD0F3 /* NSDictionary+RequestEncoding.h */ = {isa = PBXFileReference; fileEncoding = 4; lastKnownFileType = sourcecode.c.h; path = "NSDictionary+RequestEncoding.h"; sourceTree = "<group>"; };
		7BCAD77617D19A5B004AD0F3 /* NSDictionary+RequestEncoding.m */ = {isa = PBXFileReference; fileEncoding = 4; lastKnownFileType = sourcecode.c.objc; path = "NSDictionary+RequestEncoding.m"; sourceTree = "<group>"; };
		7BCAD77717D19A5B004AD0F3 /* NSString+MKNetworkKitAdditions.h */ = {isa = PBXFileReference; fileEncoding = 4; lastKnownFileType = sourcecode.c.h; path = "NSString+MKNetworkKitAdditions.h"; sourceTree = "<group>"; };
		7BCAD77817D19A5B004AD0F3 /* NSString+MKNetworkKitAdditions.m */ = {isa = PBXFileReference; fileEncoding = 4; lastKnownFileType = sourcecode.c.objc; path = "NSString+MKNetworkKitAdditions.m"; sourceTree = "<group>"; };
		7BCAD77917D19A5B004AD0F3 /* UIAlertView+MKNetworkKitAdditions.h */ = {isa = PBXFileReference; fileEncoding = 4; lastKnownFileType = sourcecode.c.h; path = "UIAlertView+MKNetworkKitAdditions.h"; sourceTree = "<group>"; };
		7BCAD77A17D19A5B004AD0F3 /* UIAlertView+MKNetworkKitAdditions.m */ = {isa = PBXFileReference; fileEncoding = 4; lastKnownFileType = sourcecode.c.objc; path = "UIAlertView+MKNetworkKitAdditions.m"; sourceTree = "<group>"; };
		7BCAD77B17D19A5B004AD0F3 /* MKNetworkEngine.h */ = {isa = PBXFileReference; fileEncoding = 4; lastKnownFileType = sourcecode.c.h; path = MKNetworkEngine.h; sourceTree = "<group>"; };
		7BCAD77C17D19A5B004AD0F3 /* MKNetworkEngine.m */ = {isa = PBXFileReference; fileEncoding = 4; lastKnownFileType = sourcecode.c.objc; path = MKNetworkEngine.m; sourceTree = "<group>"; };
		7BCAD77D17D19A5B004AD0F3 /* MKNetworkKit.h */ = {isa = PBXFileReference; fileEncoding = 4; lastKnownFileType = sourcecode.c.h; path = MKNetworkKit.h; sourceTree = "<group>"; };
		7BCAD77E17D19A5B004AD0F3 /* MKNetworkOperation.h */ = {isa = PBXFileReference; fileEncoding = 4; lastKnownFileType = sourcecode.c.h; path = MKNetworkOperation.h; sourceTree = "<group>"; };
		7BCAD77F17D19A5B004AD0F3 /* MKNetworkOperation.m */ = {isa = PBXFileReference; fileEncoding = 4; lastKnownFileType = sourcecode.c.objc; path = MKNetworkOperation.m; sourceTree = "<group>"; };
		7BCAD78117D19A5B004AD0F3 /* Reachability.h */ = {isa = PBXFileReference; fileEncoding = 4; lastKnownFileType = sourcecode.c.h; path = Reachability.h; sourceTree = "<group>"; };
		7BCAD78217D19A5B004AD0F3 /* Reachability.m */ = {isa = PBXFileReference; fileEncoding = 4; lastKnownFileType = sourcecode.c.objc; path = Reachability.m; sourceTree = "<group>"; };
		7BCAD78C17D19A70004AD0F3 /* CFNetwork.framework */ = {isa = PBXFileReference; lastKnownFileType = wrapper.framework; name = CFNetwork.framework; path = System/Library/Frameworks/CFNetwork.framework; sourceTree = SDKROOT; };
		7BCAD78E17D19A76004AD0F3 /* SystemConfiguration.framework */ = {isa = PBXFileReference; lastKnownFileType = wrapper.framework; name = SystemConfiguration.framework; path = System/Library/Frameworks/SystemConfiguration.framework; sourceTree = SDKROOT; };
		7BCAD79017D19A7C004AD0F3 /* Security.framework */ = {isa = PBXFileReference; lastKnownFileType = wrapper.framework; name = Security.framework; path = System/Library/Frameworks/Security.framework; sourceTree = SDKROOT; };
		7BCAD79317D21F45004AD0F3 /* ZZLHttpManager.h */ = {isa = PBXFileReference; fileEncoding = 4; lastKnownFileType = sourcecode.c.h; path = ZZLHttpManager.h; sourceTree = "<group>"; };
		7BCAD79417D21F45004AD0F3 /* ZZLHttpManager.m */ = {isa = PBXFileReference; fileEncoding = 4; lastKnownFileType = sourcecode.c.objc; path = ZZLHttpManager.m; sourceTree = "<group>"; };
		7BCAD79C17D25636004AD0F3 /* ZZLRequestOperation.h */ = {isa = PBXFileReference; fileEncoding = 4; lastKnownFileType = sourcecode.c.h; path = ZZLRequestOperation.h; sourceTree = "<group>"; };
		7BCAD79D17D25636004AD0F3 /* ZZLRequestOperation.m */ = {isa = PBXFileReference; fileEncoding = 4; lastKnownFileType = sourcecode.c.objc; path = ZZLRequestOperation.m; sourceTree = "<group>"; };
		7BCAD79F17D2603A004AD0F3 /* ZZLModalObjectFactory.h */ = {isa = PBXFileReference; fileEncoding = 4; lastKnownFileType = sourcecode.c.h; path = ZZLModalObjectFactory.h; sourceTree = "<group>"; };
		7BCAD7A017D2603A004AD0F3 /* ZZLModalObjectFactory.m */ = {isa = PBXFileReference; fileEncoding = 4; lastKnownFileType = sourcecode.c.objc; path = ZZLModalObjectFactory.m; sourceTree = "<group>"; };
		7BCAD7A217D261BC004AD0F3 /* MovieList.h */ = {isa = PBXFileReference; fileEncoding = 4; lastKnownFileType = sourcecode.c.h; path = MovieList.h; sourceTree = "<group>"; };
		7BCAD7A317D261BC004AD0F3 /* MovieList.m */ = {isa = PBXFileReference; fileEncoding = 4; lastKnownFileType = sourcecode.c.objc; path = MovieList.m; sourceTree = "<group>"; };
		7BCAD7A517D26B77004AD0F3 /* ZZLHttpRequstEngine.h */ = {isa = PBXFileReference; fileEncoding = 4; lastKnownFileType = sourcecode.c.h; path = ZZLHttpRequstEngine.h; sourceTree = "<group>"; };
		7BCAD7A617D26B77004AD0F3 /* ZZLHttpRequstEngine.m */ = {isa = PBXFileReference; fileEncoding = 4; lastKnownFileType = sourcecode.c.objc; path = ZZLHttpRequstEngine.m; sourceTree = "<group>"; };
		7BFEFE13184CDEB00033137B /* EGORefreshTableHeaderView.h */ = {isa = PBXFileReference; fileEncoding = 4; lastKnownFileType = sourcecode.c.h; path = EGORefreshTableHeaderView.h; sourceTree = "<group>"; };
		7BFEFE14184CDEB00033137B /* EGORefreshTableHeaderView.m */ = {isa = PBXFileReference; fileEncoding = 4; lastKnownFileType = sourcecode.c.objc; path = EGORefreshTableHeaderView.m; sourceTree = "<group>"; };
		7BFEFE15184CDEB00033137B /* LoadMoreTableFooterView.h */ = {isa = PBXFileReference; fileEncoding = 4; lastKnownFileType = sourcecode.c.h; path = LoadMoreTableFooterView.h; sourceTree = "<group>"; };
		7BFEFE16184CDEB00033137B /* LoadMoreTableFooterView.m */ = {isa = PBXFileReference; fileEncoding = 4; lastKnownFileType = sourcecode.c.objc; path = LoadMoreTableFooterView.m; sourceTree = "<group>"; };
		7BFEFE17184CDEB00033137B /* MessageInterceptor.h */ = {isa = PBXFileReference; fileEncoding = 4; lastKnownFileType = sourcecode.c.h; path = MessageInterceptor.h; sourceTree = "<group>"; };
		7BFEFE18184CDEB00033137B /* MessageInterceptor.m */ = {isa = PBXFileReference; fileEncoding = 4; lastKnownFileType = sourcecode.c.objc; path = MessageInterceptor.m; sourceTree = "<group>"; };
		7BFEFE19184CDEB00033137B /* PullTableView.h */ = {isa = PBXFileReference; fileEncoding = 4; lastKnownFileType = sourcecode.c.h; path = PullTableView.h; sourceTree = "<group>"; };
		7BFEFE1A184CDEB00033137B /* PullTableView.m */ = {isa = PBXFileReference; fileEncoding = 4; lastKnownFileType = sourcecode.c.objc; path = PullTableView.m; sourceTree = "<group>"; };
		7BFEFE1C184CDEB00033137B /* blackArrow.png */ = {isa = PBXFileReference; lastKnownFileType = image.png; path = blackArrow.png; sourceTree = "<group>"; };
		7BFEFE1D184CDEB00033137B /* blackArrow@2x.png */ = {isa = PBXFileReference; lastKnownFileType = image.png; path = "blackArrow@2x.png"; sourceTree = "<group>"; };
		7BFEFE1E184CDEB00033137B /* blueArrow.png */ = {isa = PBXFileReference; lastKnownFileType = image.png; path = blueArrow.png; sourceTree = "<group>"; };
		7BFEFE1F184CDEB00033137B /* blueArrow@2x.png */ = {isa = PBXFileReference; lastKnownFileType = image.png; path = "blueArrow@2x.png"; sourceTree = "<group>"; };
		7BFEFE20184CDEB00033137B /* grayArrow.png */ = {isa = PBXFileReference; lastKnownFileType = image.png; path = grayArrow.png; sourceTree = "<group>"; };
		7BFEFE21184CDEB00033137B /* grayArrow@2x.png */ = {isa = PBXFileReference; lastKnownFileType = image.png; path = "grayArrow@2x.png"; sourceTree = "<group>"; };
		7BFEFE22184CDEB00033137B /* whiteArrow.png */ = {isa = PBXFileReference; lastKnownFileType = image.png; path = whiteArrow.png; sourceTree = "<group>"; };
		7BFEFE23184CDEB00033137B /* whiteArrow@2x.png */ = {isa = PBXFileReference; lastKnownFileType = image.png; path = "whiteArrow@2x.png"; sourceTree = "<group>"; };
/* End PBXFileReference section */

/* Begin PBXFrameworksBuildPhase section */
		7B00840E17D08EF700E0F90A /* Frameworks */ = {
			isa = PBXFrameworksBuildPhase;
			buildActionMask = 2147483647;
			files = (
				7B0A836E184BA99200D42826 /* QuartzCore.framework in Frameworks */,
				7BCAD79117D19A7C004AD0F3 /* Security.framework in Frameworks */,
				7BCAD78F17D19A76004AD0F3 /* SystemConfiguration.framework in Frameworks */,
				7BCAD78D17D19A70004AD0F3 /* CFNetwork.framework in Frameworks */,
				7B00841517D08EF700E0F90A /* UIKit.framework in Frameworks */,
				7B00841717D08EF700E0F90A /* Foundation.framework in Frameworks */,
				7B00841917D08EF700E0F90A /* CoreGraphics.framework in Frameworks */,
			);
			runOnlyForDeploymentPostprocessing = 0;
		};
		7B00842D17D08EF700E0F90A /* Frameworks */ = {
			isa = PBXFrameworksBuildPhase;
			buildActionMask = 2147483647;
			files = (
				7B00843317D08EF700E0F90A /* SenTestingKit.framework in Frameworks */,
				7B00843417D08EF700E0F90A /* UIKit.framework in Frameworks */,
				7B00843517D08EF700E0F90A /* Foundation.framework in Frameworks */,
			);
			runOnlyForDeploymentPostprocessing = 0;
		};
/* End PBXFrameworksBuildPhase section */

/* Begin PBXGroup section */
		7B00840817D08EF700E0F90A = {
			isa = PBXGroup;
			children = (
				7BCAD76C17D19A5A004AD0F3 /* Extern */,
				7B00841A17D08EF700E0F90A /* MyEngineProject */,
				7B00843817D08EF700E0F90A /* MyEngineProjectTests */,
				7B00841317D08EF700E0F90A /* Frameworks */,
				7B00841217D08EF700E0F90A /* Products */,
			);
			sourceTree = "<group>";
		};
		7B00841217D08EF700E0F90A /* Products */ = {
			isa = PBXGroup;
			children = (
				7B00841117D08EF700E0F90A /* MyEngineProject.app */,
				7B00843117D08EF700E0F90A /* MyEngineProjectTests.octest */,
			);
			name = Products;
			sourceTree = "<group>";
		};
		7B00841317D08EF700E0F90A /* Frameworks */ = {
			isa = PBXGroup;
			children = (
				7B0A836D184BA99200D42826 /* QuartzCore.framework */,
				7BCAD79017D19A7C004AD0F3 /* Security.framework */,
				7BCAD78E17D19A76004AD0F3 /* SystemConfiguration.framework */,
				7BCAD78C17D19A70004AD0F3 /* CFNetwork.framework */,
				7B00841417D08EF700E0F90A /* UIKit.framework */,
				7B00841617D08EF700E0F90A /* Foundation.framework */,
				7B00841817D08EF700E0F90A /* CoreGraphics.framework */,
				7B00843217D08EF700E0F90A /* SenTestingKit.framework */,
			);
			name = Frameworks;
			sourceTree = "<group>";
		};
		7B00841A17D08EF700E0F90A /* MyEngineProject */ = {
			isa = PBXGroup;
			children = (
				7B911C4417D9BF2900523DEF /* CacheManager */,
				7BCAD79217D1A869004AD0F3 /* HttpManger */,
				7B00844F17D08FAA00E0F90A /* Addtion */,
				7B00844E17D08F7D00E0F90A /* Modal */,
				7B00844B17D08F7800E0F90A /* UI */,
				7B00844A17D08F7000E0F90A /* Controller */,
				7B00842317D08EF700E0F90A /* ZZLAppDelegate.h */,
				7B00842417D08EF700E0F90A /* ZZLAppDelegate.m */,
				7B00841B17D08EF700E0F90A /* Supporting Files */,
			);
			path = MyEngineProject;
			sourceTree = "<group>";
		};
		7B00841B17D08EF700E0F90A /* Supporting Files */ = {
			isa = PBXGroup;
			children = (
				7BAEFB1A184B99DB0015C011 /* titleList.plist */,
				7B00841C17D08EF700E0F90A /* MyEngineProject-Info.plist */,
				7B00841D17D08EF700E0F90A /* InfoPlist.strings */,
				7B00842017D08EF700E0F90A /* main.m */,
				7B00842217D08EF700E0F90A /* MyEngineProject-Prefix.pch */,
				7B00842617D08EF700E0F90A /* Default.png */,
				7B00842817D08EF700E0F90A /* Default@2x.png */,
				7B00842A17D08EF700E0F90A /* Default-568h@2x.png */,
			);
			name = "Supporting Files";
			sourceTree = "<group>";
		};
		7B00843817D08EF700E0F90A /* MyEngineProjectTests */ = {
			isa = PBXGroup;
			children = (
				7B00843E17D08EF800E0F90A /* MyEngineProjectTests.h */,
				7B00843F17D08EF800E0F90A /* MyEngineProjectTests.m */,
				7B00843917D08EF800E0F90A /* Supporting Files */,
			);
			path = MyEngineProjectTests;
			sourceTree = "<group>";
		};
		7B00843917D08EF800E0F90A /* Supporting Files */ = {
			isa = PBXGroup;
			children = (
				7B00843A17D08EF800E0F90A /* MyEngineProjectTests-Info.plist */,
				7B00843B17D08EF800E0F90A /* InfoPlist.strings */,
			);
			name = "Supporting Files";
			sourceTree = "<group>";
		};
		7B00844A17D08F7000E0F90A /* Controller */ = {
			isa = PBXGroup;
			children = (
				7BAEFB24184BA0FF0015C011 /* ZZLBaseTableViewController.h */,
				7BAEFB25184BA0FF0015C011 /* ZZLBaseTableViewController.m */,
				7B0A8368184BA1AD00D42826 /* ZZLDemoViewController.h */,
				7B0A8369184BA1AD00D42826 /* ZZLDemoViewController.m */,
				7B0A836A184BA1AD00D42826 /* ZZLDemoViewController.xib */,
			);
			path = Controller;
			sourceTree = "<group>";
		};
		7B00844B17D08F7800E0F90A /* UI */ = {
			isa = PBXGroup;
			children = (
				7B00844C17D08F7800E0F90A /* ExternUI */,
				7B00844D17D08F7800E0F90A /* MYCustomUI */,
			);
			path = UI;
			sourceTree = "<group>";
		};
		7B00844C17D08F7800E0F90A /* ExternUI */ = {
			isa = PBXGroup;
			children = (
				7BFEFE11184CDEB00033137B /* EGOTableViewPullRefresh */,
			);
			path = ExternUI;
			sourceTree = "<group>";
		};
		7B00844D17D08F7800E0F90A /* MYCustomUI */ = {
			isa = PBXGroup;
			children = (
			);
			path = MYCustomUI;
			sourceTree = "<group>";
		};
		7B00844E17D08F7D00E0F90A /* Modal */ = {
			isa = PBXGroup;
			children = (
				7B00845017D0908200E0F90A /* ZZLBaseJsonObject.h */,
				7B00845117D0908200E0F90A /* ZZLBaseJsonObject.m */,
				7BCAD79F17D2603A004AD0F3 /* ZZLModalObjectFactory.h */,
				7BCAD7A017D2603A004AD0F3 /* ZZLModalObjectFactory.m */,
				7BCAD7A217D261BC004AD0F3 /* MovieList.h */,
				7BCAD7A317D261BC004AD0F3 /* MovieList.m */,
			);
			path = Modal;
			sourceTree = "<group>";
		};
		7B00844F17D08FAA00E0F90A /* Addtion */ = {
			isa = PBXGroup;
			children = (
				7B911C3D17D9BDDE00523DEF /* NSDictionary+NSDictionary2Object.h */,
				7B911C3E17D9BDDE00523DEF /* NSDictionary+NSDictionary2Object.m */,
			);
			path = Addtion;
			sourceTree = "<group>";
		};
		7B911C4417D9BF2900523DEF /* CacheManager */ = {
			isa = PBXGroup;
			children = (
				7B911C4517D9BF3700523DEF /* ZZLCacheManager.h */,
				7B911C4617D9BF3700523DEF /* ZZLCacheManager.m */,
			);
			path = CacheManager;
			sourceTree = "<group>";
		};
		7BCAD76C17D19A5A004AD0F3 /* Extern */ = {
			isa = PBXGroup;
			children = (
				7BCAD76D17D19A5A004AD0F3 /* MKNetworkKit */,
			);
			path = Extern;
			sourceTree = "<group>";
		};
		7BCAD76D17D19A5A004AD0F3 /* MKNetworkKit */ = {
			isa = PBXGroup;
			children = (
				7BCAD76E17D19A5A004AD0F3 /* Categories */,
				7BCAD77B17D19A5B004AD0F3 /* MKNetworkEngine.h */,
				7BCAD77C17D19A5B004AD0F3 /* MKNetworkEngine.m */,
				7BCAD77D17D19A5B004AD0F3 /* MKNetworkKit.h */,
				7BCAD77E17D19A5B004AD0F3 /* MKNetworkOperation.h */,
				7BCAD77F17D19A5B004AD0F3 /* MKNetworkOperation.m */,
				7BCAD78017D19A5B004AD0F3 /* Reachability */,
			);
			path = MKNetworkKit;
			sourceTree = "<group>";
		};
		7BCAD76E17D19A5A004AD0F3 /* Categories */ = {
			isa = PBXGroup;
			children = (
				7BCAD76F17D19A5A004AD0F3 /* NSAlert+MKNetworkKitAdditions.h */,
				7BCAD77017D19A5A004AD0F3 /* NSAlert+MKNetworkKitAdditions.m */,
				7BCAD77117D19A5A004AD0F3 /* NSData+Base64.h */,
				7BCAD77217D19A5A004AD0F3 /* NSData+Base64.m */,
				7BCAD77317D19A5A004AD0F3 /* NSDate+RFC1123.h */,
				7BCAD77417D19A5B004AD0F3 /* NSDate+RFC1123.m */,
				7BCAD77517D19A5B004AD0F3 /* NSDictionary+RequestEncoding.h */,
				7BCAD77617D19A5B004AD0F3 /* NSDictionary+RequestEncoding.m */,
				7BCAD77717D19A5B004AD0F3 /* NSString+MKNetworkKitAdditions.h */,
				7BCAD77817D19A5B004AD0F3 /* NSString+MKNetworkKitAdditions.m */,
				7BCAD77917D19A5B004AD0F3 /* UIAlertView+MKNetworkKitAdditions.h */,
				7BCAD77A17D19A5B004AD0F3 /* UIAlertView+MKNetworkKitAdditions.m */,
			);
			path = Categories;
			sourceTree = "<group>";
		};
		7BCAD78017D19A5B004AD0F3 /* Reachability */ = {
			isa = PBXGroup;
			children = (
				7BCAD78117D19A5B004AD0F3 /* Reachability.h */,
				7BCAD78217D19A5B004AD0F3 /* Reachability.m */,
			);
			path = Reachability;
			sourceTree = "<group>";
		};
		7BCAD79217D1A869004AD0F3 /* HttpManger */ = {
			isa = PBXGroup;
			children = (
				7BCAD79317D21F45004AD0F3 /* ZZLHttpManager.h */,
				7BCAD79417D21F45004AD0F3 /* ZZLHttpManager.m */,
				7BCAD79C17D25636004AD0F3 /* ZZLRequestOperation.h */,
				7BCAD79D17D25636004AD0F3 /* ZZLRequestOperation.m */,
				7BCAD7A517D26B77004AD0F3 /* ZZLHttpRequstEngine.h */,
				7BCAD7A617D26B77004AD0F3 /* ZZLHttpRequstEngine.m */,
			);
			path = HttpManger;
			sourceTree = "<group>";
		};
		7BFEFE11184CDEB00033137B /* EGOTableViewPullRefresh */ = {
			isa = PBXGroup;
			children = (
				7BFEFE12184CDEB00033137B /* Classes */,
				7BFEFE1B184CDEB00033137B /* Resources */,
			);
			path = EGOTableViewPullRefresh;
			sourceTree = "<group>";
		};
		7BFEFE12184CDEB00033137B /* Classes */ = {
			isa = PBXGroup;
			children = (
				7BFEFE13184CDEB00033137B /* EGORefreshTableHeaderView.h */,
				7BFEFE14184CDEB00033137B /* EGORefreshTableHeaderView.m */,
				7BFEFE15184CDEB00033137B /* LoadMoreTableFooterView.h */,
				7BFEFE16184CDEB00033137B /* LoadMoreTableFooterView.m */,
				7BFEFE17184CDEB00033137B /* MessageInterceptor.h */,
				7BFEFE18184CDEB00033137B /* MessageInterceptor.m */,
				7BFEFE19184CDEB00033137B /* PullTableView.h */,
				7BFEFE1A184CDEB00033137B /* PullTableView.m */,
			);
			path = Classes;
			sourceTree = "<group>";
		};
		7BFEFE1B184CDEB00033137B /* Resources */ = {
			isa = PBXGroup;
			children = (
				7BFEFE1C184CDEB00033137B /* blackArrow.png */,
				7BFEFE1D184CDEB00033137B /* blackArrow@2x.png */,
				7BFEFE1E184CDEB00033137B /* blueArrow.png */,
				7BFEFE1F184CDEB00033137B /* blueArrow@2x.png */,
				7BFEFE20184CDEB00033137B /* grayArrow.png */,
				7BFEFE21184CDEB00033137B /* grayArrow@2x.png */,
				7BFEFE22184CDEB00033137B /* whiteArrow.png */,
				7BFEFE23184CDEB00033137B /* whiteArrow@2x.png */,
			);
			path = Resources;
			sourceTree = "<group>";
		};
/* End PBXGroup section */

/* Begin PBXNativeTarget section */
		7B00841017D08EF700E0F90A /* MyEngineProject */ = {
			isa = PBXNativeTarget;
			buildConfigurationList = 7B00844317D08EF800E0F90A /* Build configuration list for PBXNativeTarget "MyEngineProject" */;
			buildPhases = (
				7B00840D17D08EF700E0F90A /* Sources */,
				7B00840E17D08EF700E0F90A /* Frameworks */,
				7B00840F17D08EF700E0F90A /* Resources */,
			);
			buildRules = (
			);
			dependencies = (
			);
			name = MyEngineProject;
			productName = MyEngineProject;
			productReference = 7B00841117D08EF700E0F90A /* MyEngineProject.app */;
			productType = "com.apple.product-type.application";
		};
		7B00843017D08EF700E0F90A /* MyEngineProjectTests */ = {
			isa = PBXNativeTarget;
			buildConfigurationList = 7B00844617D08EF800E0F90A /* Build configuration list for PBXNativeTarget "MyEngineProjectTests" */;
			buildPhases = (
				7B00842C17D08EF700E0F90A /* Sources */,
				7B00842D17D08EF700E0F90A /* Frameworks */,
				7B00842E17D08EF700E0F90A /* Resources */,
				7B00842F17D08EF700E0F90A /* ShellScript */,
			);
			buildRules = (
			);
			dependencies = (
				7B00843717D08EF700E0F90A /* PBXTargetDependency */,
			);
			name = MyEngineProjectTests;
			productName = MyEngineProjectTests;
			productReference = 7B00843117D08EF700E0F90A /* MyEngineProjectTests.octest */;
			productType = "com.apple.product-type.bundle";
		};
/* End PBXNativeTarget section */

/* Begin PBXProject section */
		7B00840917D08EF700E0F90A /* Project object */ = {
			isa = PBXProject;
			attributes = {
				CLASSPREFIX = ZZL;
				LastUpgradeCheck = 0460;
				ORGANIZATIONNAME = prdoor;
			};
			buildConfigurationList = 7B00840C17D08EF700E0F90A /* Build configuration list for PBXProject "MyEngineProject" */;
			compatibilityVersion = "Xcode 3.2";
			developmentRegion = English;
			hasScannedForEncodings = 0;
			knownRegions = (
				en,
			);
			mainGroup = 7B00840817D08EF700E0F90A;
			productRefGroup = 7B00841217D08EF700E0F90A /* Products */;
			projectDirPath = "";
			projectRoot = "";
			targets = (
				7B00841017D08EF700E0F90A /* MyEngineProject */,
				7B00843017D08EF700E0F90A /* MyEngineProjectTests */,
			);
		};
/* End PBXProject section */

/* Begin PBXResourcesBuildPhase section */
		7B00840F17D08EF700E0F90A /* Resources */ = {
			isa = PBXResourcesBuildPhase;
			buildActionMask = 2147483647;
			files = (
				7B00841F17D08EF700E0F90A /* InfoPlist.strings in Resources */,
				7B00842717D08EF700E0F90A /* Default.png in Resources */,
				7BFEFE2B184CDEB00033137B /* blueArrow@2x.png in Resources */,
				7BFEFE2E184CDEB00033137B /* whiteArrow.png in Resources */,
				7BFEFE2D184CDEB00033137B /* grayArrow@2x.png in Resources */,
				7B00842917D08EF700E0F90A /* Default@2x.png in Resources */,
				7BFEFE2A184CDEB00033137B /* blueArrow.png in Resources */,
				7B00842B17D08EF700E0F90A /* Default-568h@2x.png in Resources */,
				7BFEFE2C184CDEB00033137B /* grayArrow.png in Resources */,
				7BFEFE28184CDEB00033137B /* blackArrow.png in Resources */,
				7B0A836C184BA1AD00D42826 /* ZZLDemoViewController.xib in Resources */,
				7BFEFE29184CDEB00033137B /* blackArrow@2x.png in Resources */,
				7BFEFE2F184CDEB00033137B /* whiteArrow@2x.png in Resources */,
				7BAEFB1B184B99DB0015C011 /* titleList.plist in Resources */,
			);
			runOnlyForDeploymentPostprocessing = 0;
		};
		7B00842E17D08EF700E0F90A /* Resources */ = {
			isa = PBXResourcesBuildPhase;
			buildActionMask = 2147483647;
			files = (
				7B00843D17D08EF800E0F90A /* InfoPlist.strings in Resources */,
			);
			runOnlyForDeploymentPostprocessing = 0;
		};
/* End PBXResourcesBuildPhase section */

/* Begin PBXShellScriptBuildPhase section */
		7B00842F17D08EF700E0F90A /* ShellScript */ = {
			isa = PBXShellScriptBuildPhase;
			buildActionMask = 2147483647;
			files = (
			);
			inputPaths = (
			);
			outputPaths = (
			);
			runOnlyForDeploymentPostprocessing = 0;
			shellPath = /bin/sh;
			shellScript = "# Run the unit tests in this test bundle.\n\"${SYSTEM_DEVELOPER_DIR}/Tools/RunUnitTests\"\n";
		};
/* End PBXShellScriptBuildPhase section */

/* Begin PBXSourcesBuildPhase section */
		7B00840D17D08EF700E0F90A /* Sources */ = {
			isa = PBXSourcesBuildPhase;
			buildActionMask = 2147483647;
			files = (
				7B00842117D08EF700E0F90A /* main.m in Sources */,
				7B00842517D08EF700E0F90A /* ZZLAppDelegate.m in Sources */,
				7B00845217D0908200E0F90A /* ZZLBaseJsonObject.m in Sources */,
				7BFEFE26184CDEB00033137B /* MessageInterceptor.m in Sources */,
				7BCAD78317D19A5B004AD0F3 /* NSAlert+MKNetworkKitAdditions.m in Sources */,
				7BCAD78417D19A5B004AD0F3 /* NSData+Base64.m in Sources */,
				7BCAD78517D19A5B004AD0F3 /* NSDate+RFC1123.m in Sources */,
				7BCAD78617D19A5B004AD0F3 /* NSDictionary+RequestEncoding.m in Sources */,
				7B0A836B184BA1AD00D42826 /* ZZLDemoViewController.m in Sources */,
				7BCAD78717D19A5B004AD0F3 /* NSString+MKNetworkKitAdditions.m in Sources */,
				7BCAD78817D19A5B004AD0F3 /* UIAlertView+MKNetworkKitAdditions.m in Sources */,
				7BCAD78917D19A5B004AD0F3 /* MKNetworkEngine.m in Sources */,
				7BCAD78A17D19A5B004AD0F3 /* MKNetworkOperation.m in Sources */,
				7BCAD78B17D19A5B004AD0F3 /* Reachability.m in Sources */,
				7BCAD79517D21F45004AD0F3 /* ZZLHttpManager.m in Sources */,
				7BCAD79E17D25636004AD0F3 /* ZZLRequestOperation.m in Sources */,
				7BCAD7A117D2603A004AD0F3 /* ZZLModalObjectFactory.m in Sources */,
				7BCAD7A417D261BC004AD0F3 /* MovieList.m in Sources */,
				7BCAD7A717D26B77004AD0F3 /* ZZLHttpRequstEngine.m in Sources */,
				7BFEFE24184CDEB00033137B /* EGORefreshTableHeaderView.m in Sources */,
				7B911C3F17D9BDDE00523DEF /* NSDictionary+NSDictionary2Object.m in Sources */,
				7B911C4717D9BF3700523DEF /* ZZLCacheManager.m in Sources */,
				7BAEFB26184BA0FF0015C011 /* ZZLBaseTableViewController.m in Sources */,
				7BFEFE27184CDEB00033137B /* PullTableView.m in Sources */,
				7BFEFE25184CDEB00033137B /* LoadMoreTableFooterView.m in Sources */,
			);
			runOnlyForDeploymentPostprocessing = 0;
		};
		7B00842C17D08EF700E0F90A /* Sources */ = {
			isa = PBXSourcesBuildPhase;
			buildActionMask = 2147483647;
			files = (
				7B00844017D08EF800E0F90A /* MyEngineProjectTests.m in Sources */,
			);
			runOnlyForDeploymentPostprocessing = 0;
		};
/* End PBXSourcesBuildPhase section */

/* Begin PBXTargetDependency section */
		7B00843717D08EF700E0F90A /* PBXTargetDependency */ = {
			isa = PBXTargetDependency;
			target = 7B00841017D08EF700E0F90A /* MyEngineProject */;
			targetProxy = 7B00843617D08EF700E0F90A /* PBXContainerItemProxy */;
		};
/* End PBXTargetDependency section */

/* Begin PBXVariantGroup section */
		7B00841D17D08EF700E0F90A /* InfoPlist.strings */ = {
			isa = PBXVariantGroup;
			children = (
				7B00841E17D08EF700E0F90A /* en */,
			);
			name = InfoPlist.strings;
			sourceTree = "<group>";
		};
		7B00843B17D08EF800E0F90A /* InfoPlist.strings */ = {
			isa = PBXVariantGroup;
			children = (
				7B00843C17D08EF800E0F90A /* en */,
			);
			name = InfoPlist.strings;
			sourceTree = "<group>";
		};
/* End PBXVariantGroup section */

/* Begin XCBuildConfiguration section */
		7B00844117D08EF800E0F90A /* Debug */ = {
			isa = XCBuildConfiguration;
			buildSettings = {
				ALWAYS_SEARCH_USER_PATHS = NO;
				CLANG_CXX_LANGUAGE_STANDARD = "gnu++0x";
				CLANG_CXX_LIBRARY = "libc++";
				CLANG_ENABLE_OBJC_ARC = YES;
				CLANG_WARN_CONSTANT_CONVERSION = YES;
				CLANG_WARN_EMPTY_BODY = YES;
				CLANG_WARN_ENUM_CONVERSION = YES;
				CLANG_WARN_INT_CONVERSION = YES;
				CLANG_WARN__DUPLICATE_METHOD_MATCH = YES;
				"CODE_SIGN_IDENTITY[sdk=iphoneos*]" = "iPhone Developer";
				COPY_PHASE_STRIP = NO;
				GCC_C_LANGUAGE_STANDARD = gnu99;
				GCC_DYNAMIC_NO_PIC = NO;
				GCC_OPTIMIZATION_LEVEL = 0;
				GCC_PREPROCESSOR_DEFINITIONS = (
					"DEBUG=1",
					"$(inherited)",
				);
				GCC_SYMBOLS_PRIVATE_EXTERN = NO;
				GCC_WARN_ABOUT_RETURN_TYPE = YES;
				GCC_WARN_UNINITIALIZED_AUTOS = YES;
				GCC_WARN_UNUSED_VARIABLE = YES;
				IPHONEOS_DEPLOYMENT_TARGET = 4.3;
				ONLY_ACTIVE_ARCH = YES;
				SDKROOT = iphoneos;
			};
			name = Debug;
		};
		7B00844217D08EF800E0F90A /* Release */ = {
			isa = XCBuildConfiguration;
			buildSettings = {
				ALWAYS_SEARCH_USER_PATHS = NO;
				CLANG_CXX_LANGUAGE_STANDARD = "gnu++0x";
				CLANG_CXX_LIBRARY = "libc++";
				CLANG_ENABLE_OBJC_ARC = YES;
				CLANG_WARN_CONSTANT_CONVERSION = YES;
				CLANG_WARN_EMPTY_BODY = YES;
				CLANG_WARN_ENUM_CONVERSION = YES;
				CLANG_WARN_INT_CONVERSION = YES;
				CLANG_WARN__DUPLICATE_METHOD_MATCH = YES;
				"CODE_SIGN_IDENTITY[sdk=iphoneos*]" = "iPhone Developer";
				COPY_PHASE_STRIP = YES;
				GCC_C_LANGUAGE_STANDARD = gnu99;
				GCC_WARN_ABOUT_RETURN_TYPE = YES;
				GCC_WARN_UNINITIALIZED_AUTOS = YES;
				GCC_WARN_UNUSED_VARIABLE = YES;
				IPHONEOS_DEPLOYMENT_TARGET = 4.3;
				OTHER_CFLAGS = "-DNS_BLOCK_ASSERTIONS=1";
				SDKROOT = iphoneos;
				VALIDATE_PRODUCT = YES;
			};
			name = Release;
		};
		7B00844417D08EF800E0F90A /* Debug */ = {
			isa = XCBuildConfiguration;
			buildSettings = {
				GCC_PRECOMPILE_PREFIX_HEADER = YES;
				GCC_PREFIX_HEADER = "MyEngineProject/MyEngineProject-Prefix.pch";
				INFOPLIST_FILE = "MyEngineProject/MyEngineProject-Info.plist";
				IPHONEOS_DEPLOYMENT_TARGET = 5.1;
				PRODUCT_NAME = "$(TARGET_NAME)";
				WRAPPER_EXTENSION = app;
			};
			name = Debug;
		};
		7B00844517D08EF800E0F90A /* Release */ = {
			isa = XCBuildConfiguration;
			buildSettings = {
				GCC_PRECOMPILE_PREFIX_HEADER = YES;
				GCC_PREFIX_HEADER = "MyEngineProject/MyEngineProject-Prefix.pch";
				INFOPLIST_FILE = "MyEngineProject/MyEngineProject-Info.plist";
				IPHONEOS_DEPLOYMENT_TARGET = 5.1;
				PRODUCT_NAME = "$(TARGET_NAME)";
				WRAPPER_EXTENSION = app;
			};
			name = Release;
		};
		7B00844717D08EF800E0F90A /* Debug */ = {
			isa = XCBuildConfiguration;
			buildSettings = {
				BUNDLE_LOADER = "$(BUILT_PRODUCTS_DIR)/MyEngineProject.app/MyEngineProject";
				FRAMEWORK_SEARCH_PATHS = (
					"\"$(SDKROOT)/Developer/Library/Frameworks\"",
					"\"$(DEVELOPER_LIBRARY_DIR)/Frameworks\"",
				);
				GCC_PRECOMPILE_PREFIX_HEADER = YES;
				GCC_PREFIX_HEADER = "MyEngineProject/MyEngineProject-Prefix.pch";
				INFOPLIST_FILE = "MyEngineProjectTests/MyEngineProjectTests-Info.plist";
				PRODUCT_NAME = "$(TARGET_NAME)";
				TEST_HOST = "$(BUNDLE_LOADER)";
				WRAPPER_EXTENSION = octest;
			};
			name = Debug;
		};
		7B00844817D08EF800E0F90A /* Release */ = {
			isa = XCBuildConfiguration;
			buildSettings = {
				BUNDLE_LOADER = "$(BUILT_PRODUCTS_DIR)/MyEngineProject.app/MyEngineProject";
				FRAMEWORK_SEARCH_PATHS = (
					"\"$(SDKROOT)/Developer/Library/Frameworks\"",
					"\"$(DEVELOPER_LIBRARY_DIR)/Frameworks\"",
				);
				GCC_PRECOMPILE_PREFIX_HEADER = YES;
				GCC_PREFIX_HEADER = "MyEngineProject/MyEngineProject-Prefix.pch";
				INFOPLIST_FILE = "MyEngineProjectTests/MyEngineProjectTests-Info.plist";
				PRODUCT_NAME = "$(TARGET_NAME)";
				TEST_HOST = "$(BUNDLE_LOADER)";
				WRAPPER_EXTENSION = octest;
			};
			name = Release;
		};
/* End XCBuildConfiguration section */

/* Begin XCConfigurationList section */
		7B00840C17D08EF700E0F90A /* Build configuration list for PBXProject "MyEngineProject" */ = {
			isa = XCConfigurationList;
			buildConfigurations = (
				7B00844117D08EF800E0F90A /* Debug */,
				7B00844217D08EF800E0F90A /* Release */,
			);
			defaultConfigurationIsVisible = 0;
			defaultConfigurationName = Release;
		};
		7B00844317D08EF800E0F90A /* Build configuration list for PBXNativeTarget "MyEngineProject" */ = {
			isa = XCConfigurationList;
			buildConfigurations = (
				7B00844417D08EF800E0F90A /* Debug */,
				7B00844517D08EF800E0F90A /* Release */,
			);
			defaultConfigurationIsVisible = 0;
			defaultConfigurationName = Release;
		};
		7B00844617D08EF800E0F90A /* Build configuration list for PBXNativeTarget "MyEngineProjectTests" */ = {
			isa = XCConfigurationList;
			buildConfigurations = (
				7B00844717D08EF800E0F90A /* Debug */,
				7B00844817D08EF800E0F90A /* Release */,
			);
			defaultConfigurationIsVisible = 0;
			defaultConfigurationName = Release;
		};
/* End XCConfigurationList section */
	};
	rootObject = 7B00840917D08EF700E0F90A /* Project object */;
}
